
Microsoft Visual Studio Solution File, Format Version 12.00
# Visual Studio Version 16
VisualStudioVersion = 16.0.29721.120
MinimumVisualStudioVersion = 10.0.40219.1
Project("{FAE04EC0-301F-11D3-BF4B-00C04F79EFBC}") = "ApiApp_Male", "ApiApp_Male\ApiApp_Male.csproj", "{4935269A-BE60-492D-81EE-8FD3FFE5F2F1}"
EndProject
Global
	GlobalSection(SolutionConfigurationPlatforms) = preSolution
		Debug|Any CPU = Debug|Any CPU
		Release|Any CPU = Release|Any CPU
	EndGlobalSection
	GlobalSection(ProjectConfigurationPlatforms) = postSolution
		{4935269A-BE60-492D-81EE-8FD3FFE5F2F1}.Debug|Any CPU.ActiveCfg = Debug|Any CPU
		{4935269A-BE60-492D-81EE-8FD3FFE5F2F1}.Debug|Any CPU.Build.0 = Debug|Any CPU
		{4935269A-BE60-492D-81EE-8FD3FFE5F2F1}.Release|Any CPU.ActiveCfg = Release|Any CPU
		{4935269A-BE60-492D-81EE-8FD3FFE5F2F1}.Release|Any CPU.Build.0 = Release|Any CPU
	EndGlobalSection
	GlobalSection(SolutionProperties) = preSolution
		HideSolutionNode = FALSE
	EndGlobalSection
	GlobalSection(ExtensibilityGlobals) = postSolution
		SolutionGuid = {4F8EDC24-D2E8-4C52-B4F4-34198407E1DE}
	EndGlobalSection
EndGlobal
